
Microsoft Visual Studio Solution File, Format Version 12.00
# Visual Studio Version 16
VisualStudioVersion = 16.0.30523.141
MinimumVisualStudioVersion = 10.0.40219.1
Project("{9092AA53-FB77-4645-B42D-1CCCA6BD08BD}") = "willcov3", "willcov3.njsproj", "{990E1E66-A10B-4ACD-B2A9-1129C2299B56}"
EndProject
Global
	GlobalSection(SolutionConfigurationPlatforms) = preSolution
		Debug|Any CPU = Debug|Any CPU
		Release|Any CPU = Release|Any CPU
	EndGlobalSection
	GlobalSection(ProjectConfigurationPlatforms) = postSolution
		{990E1E66-A10B-4ACD-B2A9-1129C2299B56}.Debug|Any CPU.ActiveCfg = Debug|Any CPU
		{990E1E66-A10B-4ACD-B2A9-1129C2299B56}.Debug|Any CPU.Build.0 = Debug|Any CPU
		{990E1E66-A10B-4ACD-B2A9-1129C2299B56}.Release|Any CPU.ActiveCfg = Release|Any CPU
		{990E1E66-A10B-4ACD-B2A9-1129C2299B56}.Release|Any CPU.Build.0 = Release|Any CPU
	EndGlobalSection
	GlobalSection(SolutionProperties) = preSolution
		HideSolutionNode = FALSE
	EndGlobalSection
	GlobalSection(ExtensibilityGlobals) = postSolution
		SolutionGuid = {C05C09BF-ABAF-44F1-917D-78358640FEA9}
	EndGlobalSection
EndGlobal
