
Microsoft Visual Studio Solution File, Format Version 12.00
# Visual Studio Version 16
VisualStudioVersion = 16.0.30523.141
MinimumVisualStudioVersion = 10.0.40219.1
Project("{9092AA53-FB77-4645-B42D-1CCCA6BD08BD}") = "MyPortfolio", "MyPortfolio.njsproj", "{103D314E-C8CF-4956-93A9-6EAA984EB1C0}"
EndProject
Global
	GlobalSection(SolutionConfigurationPlatforms) = preSolution
		Debug|Any CPU = Debug|Any CPU
		Release|Any CPU = Release|Any CPU
	EndGlobalSection
	GlobalSection(ProjectConfigurationPlatforms) = postSolution
		{103D314E-C8CF-4956-93A9-6EAA984EB1C0}.Debug|Any CPU.ActiveCfg = Debug|Any CPU
		{103D314E-C8CF-4956-93A9-6EAA984EB1C0}.Debug|Any CPU.Build.0 = Debug|Any CPU
		{103D314E-C8CF-4956-93A9-6EAA984EB1C0}.Release|Any CPU.ActiveCfg = Release|Any CPU
		{103D314E-C8CF-4956-93A9-6EAA984EB1C0}.Release|Any CPU.Build.0 = Release|Any CPU
	EndGlobalSection
	GlobalSection(SolutionProperties) = preSolution
		HideSolutionNode = FALSE
	EndGlobalSection
	GlobalSection(ExtensibilityGlobals) = postSolution
		SolutionGuid = {8E9DD190-F806-46B4-B716-E02AB58E66C9}
	EndGlobalSection
EndGlobal
